// !$*UTF8*$!
{
	archiveVersion = 1;
	classes = {
	};
	objectVersion = 50;
	objects = {

/* Begin PBXBuildFile section */
		0B28D939237E562A00DAA562 /* AppDelegate.m in Sources */ = {isa = PBXBuildFile; fileRef = 0B28D938237E562A00DAA562 /* AppDelegate.m */; };
		0B28D93C237E562A00DAA562 /* SceneDelegate.m in Sources */ = {isa = PBXBuildFile; fileRef = 0B28D93B237E562A00DAA562 /* SceneDelegate.m */; };
		0B28D93F237E562A00DAA562 /* ViewController.m in Sources */ = {isa = PBXBuildFile; fileRef = 0B28D93E237E562A00DAA562 /* ViewController.m */; };
		0B28D942237E562A00DAA562 /* Main.storyboard in Resources */ = {isa = PBXBuildFile; fileRef = 0B28D940237E562A00DAA562 /* Main.storyboard */; };
		0B28D944237E562C00DAA562 /* Assets.xcassets in Resources */ = {isa = PBXBuildFile; fileRef = 0B28D943237E562C00DAA562 /* Assets.xcassets */; };
		0B28D947237E562C00DAA562 /* LaunchScreen.storyboard in Resources */ = {isa = PBXBuildFile; fileRef = 0B28D945237E562C00DAA562 /* LaunchScreen.storyboard */; };
		0B28D94A237E562C00DAA562 /* main.m in Sources */ = {isa = PBXBuildFile; fileRef = 0B28D949237E562C00DAA562 /* main.m */; };
		0B28D952237E57C600DAA562 /* LSIStopWatch.m in Sources */ = {isa = PBXBuildFile; fileRef = 0B28D951237E57C600DAA562 /* LSIStopWatch.m */; };
/* End PBXBuildFile section */

/* Begin PBXFileReference section */
		0B28D934237E562A00DAA562 /* StopWatchDemo.app */ = {isa = PBXFileReference; explicitFileType = wrapper.application; includeInIndex = 0; path = StopWatchDemo.app; sourceTree = BUILT_PRODUCTS_DIR; };
		0B28D937237E562A00DAA562 /* AppDelegate.h */ = {isa = PBXFileReference; lastKnownFileType = sourcecode.c.h; path = AppDelegate.h; sourceTree = "<group>"; };
		0B28D938237E562A00DAA562 /* AppDelegate.m */ = {isa = PBXFileReference; lastKnownFileType = sourcecode.c.objc; path = AppDelegate.m; sourceTree = "<group>"; };
		0B28D93A237E562A00DAA562 /* SceneDelegate.h */ = {isa = PBXFileReference; lastKnownFileType = sourcecode.c.h; path = SceneDelegate.h; sourceTree = "<group>"; };
		0B28D93B237E562A00DAA562 /* SceneDelegate.m */ = {isa = PBXFileReference; lastKnownFileType = sourcecode.c.objc; path = SceneDelegate.m; sourceTree = "<group>"; };
		0B28D93D237E562A00DAA562 /* ViewController.h */ = {isa = PBXFileReference; lastKnownFileType = sourcecode.c.h; path = ViewController.h; sourceTree = "<group>"; };
		0B28D93E237E562A00DAA562 /* ViewController.m */ = {isa = PBXFileReference; lastKnownFileType = sourcecode.c.objc; path = ViewController.m; sourceTree = "<group>"; };
		0B28D941237E562A00DAA562 /* Base */ = {isa = PBXFileReference; lastKnownFileType = file.storyboard; name = Base; path = Base.lproj/Main.storyboard; sourceTree = "<group>"; };
		0B28D943237E562C00DAA562 /* Assets.xcassets */ = {isa = PBXFileReference; lastKnownFileType = folder.assetcatalog; path = Assets.xcassets; sourceTree = "<group>"; };
		0B28D946237E562C00DAA562 /* Base */ = {isa = PBXFileReference; lastKnownFileType = file.storyboard; name = Base; path = Base.lproj/LaunchScreen.storyboard; sourceTree = "<group>"; };
		0B28D948237E562C00DAA562 /* Info.plist */ = {isa = PBXFileReference; lastKnownFileType = text.plist.xml; path = Info.plist; sourceTree = "<group>"; };
		0B28D949237E562C00DAA562 /* main.m */ = {isa = PBXFileReference; lastKnownFileType = sourcecode.c.objc; path = main.m; sourceTree = "<group>"; };
		0B28D950237E57C600DAA562 /* LSIStopWatch.h */ = {isa = PBXFileReference; lastKnownFileType = sourcecode.c.h; path = LSIStopWatch.h; sourceTree = "<group>"; };
		0B28D951237E57C600DAA562 /* LSIStopWatch.m */ = {isa = PBXFileReference; lastKnownFileType = sourcecode.c.objc; path = LSIStopWatch.m; sourceTree = "<group>"; };
/* End PBXFileReference section */

/* Begin PBXFrameworksBuildPhase section */
		0B28D931237E562A00DAA562 /* Frameworks */ = {
			isa = PBXFrameworksBuildPhase;
			buildActionMask = 2147483647;
			files = (
			);
			runOnlyForDeploymentPostprocessing = 0;
		};
/* End PBXFrameworksBuildPhase section */

/* Begin PBXGroup section */
		0B28D92B237E562A00DAA562 = {
			isa = PBXGroup;
			children = (
				0B28D936237E562A00DAA562 /* StopWatchDemo */,
				0B28D935237E562A00DAA562 /* Products */,
			);
			sourceTree = "<group>";
		};
		0B28D935237E562A00DAA562 /* Products */ = {
			isa = PBXGroup;
			children = (
				0B28D934237E562A00DAA562 /* StopWatchDemo.app */,
			);
			name = Products;
			sourceTree = "<group>";
		};
		0B28D936237E562A00DAA562 /* StopWatchDemo */ = {
			isa = PBXGroup;
			children = (
				0B28D937237E562A00DAA562 /* AppDelegate.h */,
				0B28D938237E562A00DAA562 /* AppDelegate.m */,
				0B28D93A237E562A00DAA562 /* SceneDelegate.h */,
				0B28D93B237E562A00DAA562 /* SceneDelegate.m */,
				0B28D93D237E562A00DAA562 /* ViewController.h */,
				0B28D93E237E562A00DAA562 /* ViewController.m */,
				0B28D950237E57C600DAA562 /* LSIStopWatch.h */,
				0B28D951237E57C600DAA562 /* LSIStopWatch.m */,
				0B28D940237E562A00DAA562 /* Main.storyboard */,
				0B28D943237E562C00DAA562 /* Assets.xcassets */,
				0B28D945237E562C00DAA562 /* LaunchScreen.storyboard */,
				0B28D948237E562C00DAA562 /* Info.plist */,
				0B28D949237E562C00DAA562 /* main.m */,
			);
			path = StopWatchDemo;
			sourceTree = "<group>";
		};
/* End PBXGroup section */

/* Begin PBXNativeTarget section */
		0B28D933237E562A00DAA562 /* StopWatchDemo */ = {
			isa = PBXNativeTarget;
			buildConfigurationList = 0B28D94D237E562C00DAA562 /* Build configuration list for PBXNativeTarget "StopWatchDemo" */;
			buildPhases = (
				0B28D930237E562A00DAA562 /* Sources */,
				0B28D931237E562A00DAA562 /* Frameworks */,
				0B28D932237E562A00DAA562 /* Resources */,
			);
			buildRules = (
			);
			dependencies = (
			);
			name = StopWatchDemo;
			productName = StopWatchDemo;
			productReference = 0B28D934237E562A00DAA562 /* StopWatchDemo.app */;
			productType = "com.apple.product-type.application";
		};
/* End PBXNativeTarget section */

/* Begin PBXProject section */
		0B28D92C237E562A00DAA562 /* Project object */ = {
			isa = PBXProject;
			attributes = {
				LastUpgradeCheck = 1120;
				ORGANIZATIONNAME = "Dongwoo Pae";
				TargetAttributes = {
					0B28D933237E562A00DAA562 = {
						CreatedOnToolsVersion = 11.2;
					};
				};
			};
			buildConfigurationList = 0B28D92F237E562A00DAA562 /* Build configuration list for PBXProject "StopWatchDemo" */;
			compatibilityVersion = "Xcode 9.3";
			developmentRegion = en;
			hasScannedForEncodings = 0;
			knownRegions = (
				en,
				Base,
			);
			mainGroup = 0B28D92B237E562A00DAA562;
			productRefGroup = 0B28D935237E562A00DAA562 /* Products */;
			projectDirPath = "";
			projectRoot = "";
			targets = (
				0B28D933237E562A00DAA562 /* StopWatchDemo */,
			);
		};
/* End PBXProject section */

/* Begin PBXResourcesBuildPhase section */
		0B28D932237E562A00DAA562 /* Resources */ = {
			isa = PBXResourcesBuildPhase;
			buildActionMask = 2147483647;
			files = (
				0B28D947237E562C00DAA562 /* LaunchScreen.storyboard in Resources */,
				0B28D944237E562C00DAA562 /* Assets.xcassets in Resources */,
				0B28D942237E562A00DAA562 /* Main.storyboard in Resources */,
			);
			runOnlyForDeploymentPostprocessing = 0;
		};
/* End PBXResourcesBuildPhase section */

/* Begin PBXSourcesBuildPhase section */
		0B28D930237E562A00DAA562 /* Sources */ = {
			isa = PBXSourcesBuildPhase;
			buildActionMask = 2147483647;
			files = (
				0B28D93F237E562A00DAA562 /* ViewController.m in Sources */,
				0B28D939237E562A00DAA562 /* AppDelegate.m in Sources */,
				0B28D94A237E562C00DAA562 /* main.m in Sources */,
				0B28D93C237E562A00DAA562 /* SceneDelegate.m in Sources */,
				0B28D952237E57C600DAA562 /* LSIStopWatch.m in Sources */,
			);
			runOnlyForDeploymentPostprocessing = 0;
		};
/* End PBXSourcesBuildPhase section */

/* Begin PBXVariantGroup section */
		0B28D940237E562A00DAA562 /* Main.storyboard */ = {
			isa = PBXVariantGroup;
			children = (
				0B28D941237E562A00DAA562 /* Base */,
			);
			name = Main.storyboard;
			sourceTree = "<group>";
		};
		0B28D945237E562C00DAA562 /* LaunchScreen.storyboard */ = {
			isa = PBXVariantGroup;
			children = (
				0B28D946237E562C00DAA562 /* Base */,
			);
			name = LaunchScreen.storyboard;
			sourceTree = "<group>";
		};
/* End PBXVariantGroup section */

/* Begin XCBuildConfiguration section */
		0B28D94B237E562C00DAA562 /* Debug */ = {
			isa = XCBuildConfiguration;
			buildSettings = {
				ALWAYS_SEARCH_USER_PATHS = NO;
				CLANG_ANALYZER_NONNULL = YES;
				CLANG_ANALYZER_NUMBER_OBJECT_CONVERSION = YES_AGGRESSIVE;
				CLANG_CXX_LANGUAGE_STANDARD = "gnu++14";
				CLANG_CXX_LIBRARY = "libc++";
				CLANG_ENABLE_MODULES = YES;
				CLANG_ENABLE_OBJC_ARC = YES;
				CLANG_ENABLE_OBJC_WEAK = YES;
				CLANG_WARN_BLOCK_CAPTURE_AUTORELEASING = YES;
				CLANG_WARN_BOOL_CONVERSION = YES;
				CLANG_WARN_COMMA = YES;
				CLANG_WARN_CONSTANT_CONVERSION = YES;
				CLANG_WARN_DEPRECATED_OBJC_IMPLEMENTATIONS = YES;
				CLANG_WARN_DIRECT_OBJC_ISA_USAGE = YES_ERROR;
				CLANG_WARN_DOCUMENTATION_COMMENTS = YES;
				CLANG_WARN_EMPTY_BODY = YES;
				CLANG_WARN_ENUM_CONVERSION = YES;
				CLANG_WARN_INFINITE_RECURSION = YES;
				CLANG_WARN_INT_CONVERSION = YES;
				CLANG_WARN_NON_LITERAL_NULL_CONVERSION = YES;
				CLANG_WARN_OBJC_IMPLICIT_RETAIN_SELF = YES;
				CLANG_WARN_OBJC_LITERAL_CONVERSION = YES;
				CLANG_WARN_OBJC_ROOT_CLASS = YES_ERROR;
				CLANG_WARN_RANGE_LOOP_ANALYSIS = YES;
				CLANG_WARN_STRICT_PROTOTYPES = YES;
				CLANG_WARN_SUSPICIOUS_MOVE = YES;
				CLANG_WARN_UNGUARDED_AVAILABILITY = YES_AGGRESSIVE;
				CLANG_WARN_UNREACHABLE_CODE = YES;
				CLANG_WARN__DUPLICATE_METHOD_MATCH = YES;
				COPY_PHASE_STRIP = NO;
				DEBUG_INFORMATION_FORMAT = dwarf;
				ENABLE_STRICT_OBJC_MSGSEND = YES;
				ENABLE_TESTABILITY = YES;
				GCC_C_LANGUAGE_STANDARD = gnu11;
				GCC_DYNAMIC_NO_PIC = NO;
				GCC_NO_COMMON_BLOCKS = YES;
				GCC_OPTIMIZATION_LEVEL = 0;
				GCC_PREPROCESSOR_DEFINITIONS = (
					"DEBUG=1",
					"$(inherited)",
				);
				GCC_WARN_64_TO_32_BIT_CONVERSION = YES;
				GCC_WARN_ABOUT_RETURN_TYPE = YES_ERROR;
				GCC_WARN_UNDECLARED_SELECTOR = YES;
				GCC_WARN_UNINITIALIZED_AUTOS = YES_AGGRESSIVE;
				GCC_WARN_UNUSED_FUNCTION = YES;
				GCC_WARN_UNUSED_VARIABLE = YES;
				IPHONEOS_DEPLOYMENT_TARGET = 13.2;
				MTL_ENABLE_DEBUG_INFO = INCLUDE_SOURCE;
				MTL_FAST_MATH = YES;
				ONLY_ACTIVE_ARCH = YES;
				SDKROOT = iphoneos;
			};
			name = Debug;
		};
		0B28D94C237E562C00DAA562 /* Release */ = {
			isa = XCBuildConfiguration;
			buildSettings = {
				ALWAYS_SEARCH_USER_PATHS = NO;
				CLANG_ANALYZER_NONNULL = YES;
				CLANG_ANALYZER_NUMBER_OBJECT_CONVERSION = YES_AGGRESSIVE;
				CLANG_CXX_LANGUAGE_STANDARD = "gnu++14";
				CLANG_CXX_LIBRARY = "libc++";
				CLANG_ENABLE_MODULES = YES;
				CLANG_ENABLE_OBJC_ARC = YES;
				CLANG_ENABLE_OBJC_WEAK = YES;
				CLANG_WARN_BLOCK_CAPTURE_AUTORELEASING = YES;
				CLANG_WARN_BOOL_CONVERSION = YES;
				CLANG_WARN_COMMA = YES;
				CLANG_WARN_CONSTANT_CONVERSION = YES;
				CLANG_WARN_DEPRECATED_OBJC_IMPLEMENTATIONS = YES;
				CLANG_WARN_DIRECT_OBJC_ISA_USAGE = YES_ERROR;
				CLANG_WARN_DOCUMENTATION_COMMENTS = YES;
				CLANG_WARN_EMPTY_BODY = YES;
				CLANG_WARN_ENUM_CONVERSION = YES;
				CLANG_WARN_INFINITE_RECURSION = YES;
				CLANG_WARN_INT_CONVERSION = YES;
				CLANG_WARN_NON_LITERAL_NULL_CONVERSION = YES;
				CLANG_WARN_OBJC_IMPLICIT_RETAIN_SELF = YES;
				CLANG_WARN_OBJC_LITERAL_CONVERSION = YES;
				CLANG_WARN_OBJC_ROOT_CLASS = YES_ERROR;
				CLANG_WARN_RANGE_LOOP_ANALYSIS = YES;
				CLANG_WARN_STRICT_PROTOTYPES = YES;
				CLANG_WARN_SUSPICIOUS_MOVE = YES;
				CLANG_WARN_UNGUARDED_AVAILABILITY = YES_AGGRESSIVE;
				CLANG_WARN_UNREACHABLE_CODE = YES;
				CLANG_WARN__DUPLICATE_METHOD_MATCH = YES;
				COPY_PHASE_STRIP = NO;
				DEBUG_INFORMATION_FORMAT = "dwarf-with-dsym";
				ENABLE_NS_ASSERTIONS = NO;
				ENABLE_STRICT_OBJC_MSGSEND = YES;
				GCC_C_LANGUAGE_STANDARD = gnu11;
				GCC_NO_COMMON_BLOCKS = YES;
				GCC_WARN_64_TO_32_BIT_CONVERSION = YES;
				GCC_WARN_ABOUT_RETURN_TYPE = YES_ERROR;
				GCC_WARN_UNDECLARED_SELECTOR = YES;
				GCC_WARN_UNINITIALIZED_AUTOS = YES_AGGRESSIVE;
				GCC_WARN_UNUSED_FUNCTION = YES;
				GCC_WARN_UNUSED_VARIABLE = YES;
				IPHONEOS_DEPLOYMENT_TARGET = 13.2;
				MTL_ENABLE_DEBUG_INFO = NO;
				MTL_FAST_MATH = YES;
				SDKROOT = iphoneos;
				VALIDATE_PRODUCT = YES;
			};
			name = Release;
		};
		0B28D94E237E562C00DAA562 /* Debug */ = {
			isa = XCBuildConfiguration;
			buildSettings = {
				ASSETCATALOG_COMPILER_APPICON_NAME = AppIcon;
				CODE_SIGN_STYLE = Automatic;
				DEVELOPMENT_TEAM = C22Z4773SH;
				INFOPLIST_FILE = StopWatchDemo/Info.plist;
				LD_RUNPATH_SEARCH_PATHS = (
					"$(inherited)",
					"@executable_path/Frameworks",
				);
				PRODUCT_BUNDLE_IDENTIFIER = com.dongwoopae.StopWatchDemo;
				PRODUCT_NAME = "$(TARGET_NAME)";
				TARGETED_DEVICE_FAMILY = "1,2";
			};
			name = Debug;
		};
		0B28D94F237E562C00DAA562 /* Release */ = {
			isa = XCBuildConfiguration;
			buildSettings = {
				ASSETCATALOG_COMPILER_APPICON_NAME = AppIcon;
				CODE_SIGN_STYLE = Automatic;
				DEVELOPMENT_TEAM = C22Z4773SH;
				INFOPLIST_FILE = StopWatchDemo/Info.plist;
				LD_RUNPATH_SEARCH_PATHS = (
					"$(inherited)",
					"@executable_path/Frameworks",
				);
				PRODUCT_BUNDLE_IDENTIFIER = com.dongwoopae.StopWatchDemo;
				PRODUCT_NAME = "$(TARGET_NAME)";
				TARGETED_DEVICE_FAMILY = "1,2";
			};
			name = Release;
		};
/* End XCBuildConfiguration section */

/* Begin XCConfigurationList section */
		0B28D92F237E562A00DAA562 /* Build configuration list for PBXProject "StopWatchDemo" */ = {
			isa = XCConfigurationList;
			buildConfigurations = (
				0B28D94B237E562C00DAA562 /* Debug */,
				0B28D94C237E562C00DAA562 /* Release */,
			);
			defaultConfigurationIsVisible = 0;
			defaultConfigurationName = Release;
		};
		0B28D94D237E562C00DAA562 /* Build configuration list for PBXNativeTarget "StopWatchDemo" */ = {
			isa = XCConfigurationList;
			buildConfigurations = (
				0B28D94E237E562C00DAA562 /* Debug */,
				0B28D94F237E562C00DAA562 /* Release */,
			);
			defaultConfigurationIsVisible = 0;
			defaultConfigurationName = Release;
		};
/* End XCConfigurationList section */
	};
	rootObject = 0B28D92C237E562A00DAA562 /* Project object */;
}
